
Microsoft Visual Studio Solution File, Format Version 12.00
# Visual Studio Version 17
VisualStudioVersion = 17.5.002.0
MinimumVisualStudioVersion = 10.0.40219.1
Project("{9A19103F-16F7-4668-BE54-9A1E7A4F7556}") = "Framework", "Framework\Framework.csproj", "{830403B9-573B-467F-8AE8-23C2D5A84A3E}"
EndProject
Project("{9A19103F-16F7-4668-BE54-9A1E7A4F7556}") = "Server", "Server\Server.csproj", "{D7C564C6-234E-446C-B1CF-805D0D6F75B8}"
EndProject
Project("{9A19103F-16F7-4668-BE54-9A1E7A4F7556}") = "Client", "Client\Client.csproj", "{038E7A5A-DC2C-4F14-909B-C3711181CE9E}"
EndProject
Global
	GlobalSection(SolutionConfigurationPlatforms) = preSolution
		Debug|Any CPU = Debug|Any CPU
		Release|Any CPU = Release|Any CPU
	EndGlobalSection
	GlobalSection(ProjectConfigurationPlatforms) = postSolution
		{830403B9-573B-467F-8AE8-23C2D5A84A3E}.Debug|Any CPU.ActiveCfg = Debug|Any CPU
		{830403B9-573B-467F-8AE8-23C2D5A84A3E}.Debug|Any CPU.Build.0 = Debug|Any CPU
		{830403B9-573B-467F-8AE8-23C2D5A84A3E}.Release|Any CPU.ActiveCfg = Release|Any CPU
		{830403B9-573B-467F-8AE8-23C2D5A84A3E}.Release|Any CPU.Build.0 = Release|Any CPU
		{D7C564C6-234E-446C-B1CF-805D0D6F75B8}.Debug|Any CPU.ActiveCfg = Debug|Any CPU
		{D7C564C6-234E-446C-B1CF-805D0D6F75B8}.Debug|Any CPU.Build.0 = Debug|Any CPU
		{D7C564C6-234E-446C-B1CF-805D0D6F75B8}.Release|Any CPU.ActiveCfg = Release|Any CPU
		{D7C564C6-234E-446C-B1CF-805D0D6F75B8}.Release|Any CPU.Build.0 = Release|Any CPU
		{038E7A5A-DC2C-4F14-909B-C3711181CE9E}.Debug|Any CPU.ActiveCfg = Debug|Any CPU
		{038E7A5A-DC2C-4F14-909B-C3711181CE9E}.Debug|Any CPU.Build.0 = Debug|Any CPU
		{038E7A5A-DC2C-4F14-909B-C3711181CE9E}.Release|Any CPU.ActiveCfg = Release|Any CPU
		{038E7A5A-DC2C-4F14-909B-C3711181CE9E}.Release|Any CPU.Build.0 = Release|Any CPU
	EndGlobalSection
	GlobalSection(SolutionProperties) = preSolution
		HideSolutionNode = FALSE
	EndGlobalSection
	GlobalSection(ExtensibilityGlobals) = postSolution
		SolutionGuid = {8C5F3948-EF57-4510-A459-0565BC5E1CDD}
	EndGlobalSection
EndGlobal
